
Microsoft Visual Studio Solution File, Format Version 12.00
Project("{FAE04EC0-301F-11D3-BF4B-00C04F79EFBC}") = "UnitTest_sample", "UnitTest_sample\UnitTest_sample.csproj", "{D5C89245-50E3-4EF8-9431-58732471EF08}"
EndProject
Project("{FAE04EC0-301F-11D3-BF4B-00C04F79EFBC}") = "GamePlayerTest", "GamePlayerTest\GamePlayerTest.csproj", "{D0D71BB0-AF40-4CF1-9BF1-23DDFD361C5F}"
EndProject
Global
	GlobalSection(SolutionConfigurationPlatforms) = preSolution
		Debug|Any CPU = Debug|Any CPU
		Release|Any CPU = Release|Any CPU
	EndGlobalSection
	GlobalSection(ProjectConfigurationPlatforms) = postSolution
		{D5C89245-50E3-4EF8-9431-58732471EF08}.Debug|Any CPU.ActiveCfg = Debug|Any CPU
		{D5C89245-50E3-4EF8-9431-58732471EF08}.Debug|Any CPU.Build.0 = Debug|Any CPU
		{D5C89245-50E3-4EF8-9431-58732471EF08}.Release|Any CPU.ActiveCfg = Release|Any CPU
		{D5C89245-50E3-4EF8-9431-58732471EF08}.Release|Any CPU.Build.0 = Release|Any CPU
		{D0D71BB0-AF40-4CF1-9BF1-23DDFD361C5F}.Debug|Any CPU.ActiveCfg = Debug|Any CPU
		{D0D71BB0-AF40-4CF1-9BF1-23DDFD361C5F}.Debug|Any CPU.Build.0 = Debug|Any CPU
		{D0D71BB0-AF40-4CF1-9BF1-23DDFD361C5F}.Release|Any CPU.ActiveCfg = Release|Any CPU
		{D0D71BB0-AF40-4CF1-9BF1-23DDFD361C5F}.Release|Any CPU.Build.0 = Release|Any CPU
	EndGlobalSection
EndGlobal
